
Microsoft Visual Studio Solution File, Format Version 12.00
# Visual Studio Version 16
VisualStudioVersion = 16.0.29926.136
MinimumVisualStudioVersion = 10.0.40219.1
Project("{FAE04EC0-301F-11D3-BF4B-00C04F79EFBC}") = "WindowsFormsApp3", "WindowsFormsApp3\WindowsFormsApp3.csproj", "{BAB8C4B8-F509-4287-A35B-EF397694C683}"
EndProject
Project("{FAE04EC0-301F-11D3-BF4B-00C04F79EFBC}") = "Figure", "Figure\Figure.csproj", "{8E64B19A-50D2-495A-BED2-2856924E81E7}"
EndProject
Global
	GlobalSection(SolutionConfigurationPlatforms) = preSolution
		Debug|Any CPU = Debug|Any CPU
		Release|Any CPU = Release|Any CPU
	EndGlobalSection
	GlobalSection(ProjectConfigurationPlatforms) = postSolution
		{BAB8C4B8-F509-4287-A35B-EF397694C683}.Debug|Any CPU.ActiveCfg = Debug|Any CPU
		{BAB8C4B8-F509-4287-A35B-EF397694C683}.Debug|Any CPU.Build.0 = Debug|Any CPU
		{BAB8C4B8-F509-4287-A35B-EF397694C683}.Release|Any CPU.ActiveCfg = Release|Any CPU
		{BAB8C4B8-F509-4287-A35B-EF397694C683}.Release|Any CPU.Build.0 = Release|Any CPU
		{8E64B19A-50D2-495A-BED2-2856924E81E7}.Debug|Any CPU.ActiveCfg = Debug|Any CPU
		{8E64B19A-50D2-495A-BED2-2856924E81E7}.Debug|Any CPU.Build.0 = Debug|Any CPU
		{8E64B19A-50D2-495A-BED2-2856924E81E7}.Release|Any CPU.ActiveCfg = Release|Any CPU
		{8E64B19A-50D2-495A-BED2-2856924E81E7}.Release|Any CPU.Build.0 = Release|Any CPU
	EndGlobalSection
	GlobalSection(SolutionProperties) = preSolution
		HideSolutionNode = FALSE
	EndGlobalSection
	GlobalSection(ExtensibilityGlobals) = postSolution
		SolutionGuid = {E8A0F234-715F-4459-907E-8656D2C8D6D3}
	EndGlobalSection
EndGlobal
